
Microsoft Visual Studio Solution File, Format Version 12.00
# Visual Studio Version 16
VisualStudioVersion = 16.0.31729.503
MinimumVisualStudioVersion = 10.0.40219.1
Project("{FAE04EC0-301F-11D3-BF4B-00C04F79EFBC}") = "BankService1", "BankService1\BankService1.csproj", "{89B74588-7E81-451C-BACD-3FE821663610}"
EndProject
Global
	GlobalSection(SolutionConfigurationPlatforms) = preSolution
		Debug|Any CPU = Debug|Any CPU
		Release|Any CPU = Release|Any CPU
	EndGlobalSection
	GlobalSection(ProjectConfigurationPlatforms) = postSolution
		{89B74588-7E81-451C-BACD-3FE821663610}.Debug|Any CPU.ActiveCfg = Debug|Any CPU
		{89B74588-7E81-451C-BACD-3FE821663610}.Debug|Any CPU.Build.0 = Debug|Any CPU
		{89B74588-7E81-451C-BACD-3FE821663610}.Release|Any CPU.ActiveCfg = Release|Any CPU
		{89B74588-7E81-451C-BACD-3FE821663610}.Release|Any CPU.Build.0 = Release|Any CPU
	EndGlobalSection
	GlobalSection(SolutionProperties) = preSolution
		HideSolutionNode = FALSE
	EndGlobalSection
	GlobalSection(ExtensibilityGlobals) = postSolution
		SolutionGuid = {D969AEED-EF64-4B19-A57C-C7F4BB4618E7}
	EndGlobalSection
EndGlobal
